dependencies:
- name: oauth2-proxy
  repository: https://oauth2-proxy.github.io/manifests
  version: 7.7.30
- name: kubernetes-dashboard
  repository: https://kubernetes.github.io/dashboard/
  version: 7.10.0
- name: oauth2-proxy
  repository: https://oauth2-proxy.github.io/manifests
  version: 7.7.30
- name: oauth2-proxy
  repository: https://oauth2-proxy.github.io/manifests
  version: 7.7.30
digest: sha256:85d34bb1cc7d60202f6224dabed476cdacbad684348143b707f3ae3453c0c1c3
generated: "2024-11-18T19:57:28.076303237Z"
